
Microsoft Visual Studio Solution File, Format Version 12.00
Project("{FAE04EC0-301F-11D3-BF4B-00C04F79EFBC}") = "EmployeesAndCompanies", "EmployeesAndCompanies\EmployeesAndCompanies.csproj", "{8B8A59A3-CF90-4998-87DF-61A6F1862BAF}"
EndProject
Project("{FAE04EC0-301F-11D3-BF4B-00C04F79EFBC}") = "Contracts", "Contracts\Contracts.csproj", "{36C624D2-2529-4FB7-998E-028980F1761D}"
EndProject
Project("{FAE04EC0-301F-11D3-BF4B-00C04F79EFBC}") = "LoggerService", "LoggerService\LoggerService.csproj", "{5C29013C-453E-4C79-A726-5082A89C4129}"
EndProject
Project("{FAE04EC0-301F-11D3-BF4B-00C04F79EFBC}") = "Entities", "Entities\Entities.csproj", "{8BE51CE0-F9E6-459C-B1E0-45379256A1F6}"
EndProject
Project("{FAE04EC0-301F-11D3-BF4B-00C04F79EFBC}") = "Repository", "Repository\Repository.csproj", "{C44CA3D3-85BB-48F4-81DD-A5974E76587B}"
EndProject
Project("{FAE04EC0-301F-11D3-BF4B-00C04F79EFBC}") = "Service.Contracts", "Service.Contracts\Service.Contracts.csproj", "{78EC713E-C28B-48C4-923A-E84B3AE1D42A}"
EndProject
Project("{FAE04EC0-301F-11D3-BF4B-00C04F79EFBC}") = "Service", "Service\Service.csproj", "{4C664046-26A3-4960-9126-79C538BA535D}"
EndProject
Project("{FAE04EC0-301F-11D3-BF4B-00C04F79EFBC}") = "Presintation", "Presintation \Presintation.csproj", "{F1E55CDD-CEB7-4FAF-B478-87C895277B7A}"
EndProject
Project("{FAE04EC0-301F-11D3-BF4B-00C04F79EFBC}") = "Shared", "Shared\Shared.csproj", "{B97B42CD-4543-4452-AA82-46CE264DD802}"
EndProject
Global
	GlobalSection(SolutionConfigurationPlatforms) = preSolution
		Debug|Any CPU = Debug|Any CPU
		Release|Any CPU = Release|Any CPU
	EndGlobalSection
	GlobalSection(ProjectConfigurationPlatforms) = postSolution
		{8B8A59A3-CF90-4998-87DF-61A6F1862BAF}.Debug|Any CPU.ActiveCfg = Debug|Any CPU
		{8B8A59A3-CF90-4998-87DF-61A6F1862BAF}.Debug|Any CPU.Build.0 = Debug|Any CPU
		{8B8A59A3-CF90-4998-87DF-61A6F1862BAF}.Release|Any CPU.ActiveCfg = Release|Any CPU
		{8B8A59A3-CF90-4998-87DF-61A6F1862BAF}.Release|Any CPU.Build.0 = Release|Any CPU
		{36C624D2-2529-4FB7-998E-028980F1761D}.Debug|Any CPU.ActiveCfg = Debug|Any CPU
		{36C624D2-2529-4FB7-998E-028980F1761D}.Debug|Any CPU.Build.0 = Debug|Any CPU
		{36C624D2-2529-4FB7-998E-028980F1761D}.Release|Any CPU.ActiveCfg = Release|Any CPU
		{36C624D2-2529-4FB7-998E-028980F1761D}.Release|Any CPU.Build.0 = Release|Any CPU
		{5C29013C-453E-4C79-A726-5082A89C4129}.Debug|Any CPU.ActiveCfg = Debug|Any CPU
		{5C29013C-453E-4C79-A726-5082A89C4129}.Debug|Any CPU.Build.0 = Debug|Any CPU
		{5C29013C-453E-4C79-A726-5082A89C4129}.Release|Any CPU.ActiveCfg = Release|Any CPU
		{5C29013C-453E-4C79-A726-5082A89C4129}.Release|Any CPU.Build.0 = Release|Any CPU
		{8BE51CE0-F9E6-459C-B1E0-45379256A1F6}.Debug|Any CPU.ActiveCfg = Debug|Any CPU
		{8BE51CE0-F9E6-459C-B1E0-45379256A1F6}.Debug|Any CPU.Build.0 = Debug|Any CPU
		{8BE51CE0-F9E6-459C-B1E0-45379256A1F6}.Release|Any CPU.ActiveCfg = Release|Any CPU
		{8BE51CE0-F9E6-459C-B1E0-45379256A1F6}.Release|Any CPU.Build.0 = Release|Any CPU
		{C44CA3D3-85BB-48F4-81DD-A5974E76587B}.Debug|Any CPU.ActiveCfg = Debug|Any CPU
		{C44CA3D3-85BB-48F4-81DD-A5974E76587B}.Debug|Any CPU.Build.0 = Debug|Any CPU
		{C44CA3D3-85BB-48F4-81DD-A5974E76587B}.Release|Any CPU.ActiveCfg = Release|Any CPU
		{C44CA3D3-85BB-48F4-81DD-A5974E76587B}.Release|Any CPU.Build.0 = Release|Any CPU
		{78EC713E-C28B-48C4-923A-E84B3AE1D42A}.Debug|Any CPU.ActiveCfg = Debug|Any CPU
		{78EC713E-C28B-48C4-923A-E84B3AE1D42A}.Debug|Any CPU.Build.0 = Debug|Any CPU
		{78EC713E-C28B-48C4-923A-E84B3AE1D42A}.Release|Any CPU.ActiveCfg = Release|Any CPU
		{78EC713E-C28B-48C4-923A-E84B3AE1D42A}.Release|Any CPU.Build.0 = Release|Any CPU
		{4C664046-26A3-4960-9126-79C538BA535D}.Debug|Any CPU.ActiveCfg = Debug|Any CPU
		{4C664046-26A3-4960-9126-79C538BA535D}.Debug|Any CPU.Build.0 = Debug|Any CPU
		{4C664046-26A3-4960-9126-79C538BA535D}.Release|Any CPU.ActiveCfg = Release|Any CPU
		{4C664046-26A3-4960-9126-79C538BA535D}.Release|Any CPU.Build.0 = Release|Any CPU
		{F1E55CDD-CEB7-4FAF-B478-87C895277B7A}.Debug|Any CPU.ActiveCfg = Debug|Any CPU
		{F1E55CDD-CEB7-4FAF-B478-87C895277B7A}.Debug|Any CPU.Build.0 = Debug|Any CPU
		{F1E55CDD-CEB7-4FAF-B478-87C895277B7A}.Release|Any CPU.ActiveCfg = Release|Any CPU
		{F1E55CDD-CEB7-4FAF-B478-87C895277B7A}.Release|Any CPU.Build.0 = Release|Any CPU
		{B97B42CD-4543-4452-AA82-46CE264DD802}.Debug|Any CPU.ActiveCfg = Debug|Any CPU
		{B97B42CD-4543-4452-AA82-46CE264DD802}.Debug|Any CPU.Build.0 = Debug|Any CPU
		{B97B42CD-4543-4452-AA82-46CE264DD802}.Release|Any CPU.ActiveCfg = Release|Any CPU
		{B97B42CD-4543-4452-AA82-46CE264DD802}.Release|Any CPU.Build.0 = Release|Any CPU
	EndGlobalSection
EndGlobal
